
Microsoft Visual Studio Solution File, Format Version 12.00
# Visual Studio Version 17
VisualStudioVersion = 17.4.33213.308
MinimumVisualStudioVersion = 10.0.40219.1
Project("{FAE04EC0-301F-11D3-BF4B-00C04F79EFBC}") = "Web-Scraper", "Web-Scraper.csproj", "{B1AC30DA-39B7-471A-9553-9ABAC9DFE0F5}"
EndProject
Global
	GlobalSection(SolutionConfigurationPlatforms) = preSolution
		Debug|Any CPU = Debug|Any CPU
		Release|Any CPU = Release|Any CPU
	EndGlobalSection
	GlobalSection(ProjectConfigurationPlatforms) = postSolution
		{B1AC30DA-39B7-471A-9553-9ABAC9DFE0F5}.Debug|Any CPU.ActiveCfg = Debug|Any CPU
		{B1AC30DA-39B7-471A-9553-9ABAC9DFE0F5}.Debug|Any CPU.Build.0 = Debug|Any CPU
		{B1AC30DA-39B7-471A-9553-9ABAC9DFE0F5}.Release|Any CPU.ActiveCfg = Release|Any CPU
		{B1AC30DA-39B7-471A-9553-9ABAC9DFE0F5}.Release|Any CPU.Build.0 = Release|Any CPU
	EndGlobalSection
	GlobalSection(SolutionProperties) = preSolution
		HideSolutionNode = FALSE
	EndGlobalSection
	GlobalSection(ExtensibilityGlobals) = postSolution
		SolutionGuid = {87B9648D-7441-468B-9332-1A0D3759802D}
	EndGlobalSection
EndGlobal
